
Microsoft Visual Studio Solution File, Format Version 12.00
# Visual Studio Version 17
VisualStudioVersion = 17.11.35327.3
MinimumVisualStudioVersion = 10.0.40219.1
Project("{FAE04EC0-301F-11D3-BF4B-00C04F79EFBC}") = "Lab4_appz", "Lab4_appz\Lab4_appz.csproj", "{05284F88-4F59-49EC-9511-39124D9E3FED}"
EndProject
Global
	GlobalSection(SolutionConfigurationPlatforms) = preSolution
		Debug|Any CPU = Debug|Any CPU
		Release|Any CPU = Release|Any CPU
	EndGlobalSection
	GlobalSection(ProjectConfigurationPlatforms) = postSolution
		{05284F88-4F59-49EC-9511-39124D9E3FED}.Debug|Any CPU.ActiveCfg = Debug|Any CPU
		{05284F88-4F59-49EC-9511-39124D9E3FED}.Debug|Any CPU.Build.0 = Debug|Any CPU
		{05284F88-4F59-49EC-9511-39124D9E3FED}.Release|Any CPU.ActiveCfg = Release|Any CPU
		{05284F88-4F59-49EC-9511-39124D9E3FED}.Release|Any CPU.Build.0 = Release|Any CPU
	EndGlobalSection
	GlobalSection(SolutionProperties) = preSolution
		HideSolutionNode = FALSE
	EndGlobalSection
	GlobalSection(ExtensibilityGlobals) = postSolution
		SolutionGuid = {ECD0D893-8213-4B64-9DAA-87250C6749D5}
	EndGlobalSection
EndGlobal
